
Microsoft Visual Studio Solution File, Format Version 12.00
# Visual Studio 2013
Project("{FAE04EC0-301F-11D3-BF4B-00C04F79EFBC}") = "3.0.0.CSharp.Plugins", "3.0.0.CSharp.Plugins.csproj", "{0E86B540-DB9A-9866-BB99-12CFEC701859}"
EndProject
Project("{FAE04EC0-301F-11D3-BF4B-00C04F79EFBC}") = "3.0.0.CSharp", "3.0.0.CSharp.csproj", "{E5C9C6E8-91F5-A6A3-26FE-F20C464F29A3}"
EndProject
Project("{FAE04EC0-301F-11D3-BF4B-00C04F79EFBC}") = "3.0.0.CSharp.Editor.Plugins", "3.0.0.CSharp.Editor.Plugins.csproj", "{9B56603E-2808-E166-2233-571B6648DA97}"
EndProject
Project("{FAE04EC0-301F-11D3-BF4B-00C04F79EFBC}") = "3.0.0.CSharp.Editor", "3.0.0.CSharp.Editor.csproj", "{D398B5E6-2297-0799-7389-3A0599840AA5}"
EndProject
Global
	GlobalSection(SolutionConfigurationPlatforms) = preSolution
		Debug|Any CPU = Debug|Any CPU
		Release|Any CPU = Release|Any CPU
	EndGlobalSection
	GlobalSection(ProjectConfigurationPlatforms) = postSolution
		{0E86B540-DB9A-9866-BB99-12CFEC701859}.Debug|Any CPU.ActiveCfg = Debug|Any CPU
		{0E86B540-DB9A-9866-BB99-12CFEC701859}.Debug|Any CPU.Build.0 = Debug|Any CPU
		{0E86B540-DB9A-9866-BB99-12CFEC701859}.Release|Any CPU.ActiveCfg = Release|Any CPU
		{0E86B540-DB9A-9866-BB99-12CFEC701859}.Release|Any CPU.Build.0 = Release|Any CPU
		{E5C9C6E8-91F5-A6A3-26FE-F20C464F29A3}.Debug|Any CPU.ActiveCfg = Debug|Any CPU
		{E5C9C6E8-91F5-A6A3-26FE-F20C464F29A3}.Debug|Any CPU.Build.0 = Debug|Any CPU
		{E5C9C6E8-91F5-A6A3-26FE-F20C464F29A3}.Release|Any CPU.ActiveCfg = Release|Any CPU
		{E5C9C6E8-91F5-A6A3-26FE-F20C464F29A3}.Release|Any CPU.Build.0 = Release|Any CPU
		{9B56603E-2808-E166-2233-571B6648DA97}.Debug|Any CPU.ActiveCfg = Debug|Any CPU
		{9B56603E-2808-E166-2233-571B6648DA97}.Debug|Any CPU.Build.0 = Debug|Any CPU
		{9B56603E-2808-E166-2233-571B6648DA97}.Release|Any CPU.ActiveCfg = Release|Any CPU
		{9B56603E-2808-E166-2233-571B6648DA97}.Release|Any CPU.Build.0 = Release|Any CPU
		{D398B5E6-2297-0799-7389-3A0599840AA5}.Debug|Any CPU.ActiveCfg = Debug|Any CPU
		{D398B5E6-2297-0799-7389-3A0599840AA5}.Debug|Any CPU.Build.0 = Debug|Any CPU
		{D398B5E6-2297-0799-7389-3A0599840AA5}.Release|Any CPU.ActiveCfg = Release|Any CPU
		{D398B5E6-2297-0799-7389-3A0599840AA5}.Release|Any CPU.Build.0 = Release|Any CPU
	EndGlobalSection
	GlobalSection(SolutionProperties) = preSolution
		HideSolutionNode = FALSE
	EndGlobalSection
EndGlobal
